// !$*UTF8*$!
{
	archiveVersion = 1;
	classes = {
	};
	objectVersion = 56;
	objects = {

/* Begin PBXBuildFile section */
		2B07C9A02BA289B500283081 /* Health_App Watch App.app in Embed Watch Content */ = {isa = PBXBuildFile; fileRef = 2B07C99F2BA289B500283081 /* Health_App Watch App.app */; settings = {ATTRIBUTES = (RemoveHeadersOnCopy, ); }; };
		2B07C9A52BA289B500283081 /* Health_AppApp.swift in Sources */ = {isa = PBXBuildFile; fileRef = 2B07C9A42BA289B500283081 /* Health_AppApp.swift */; };
		2B07C9A72BA289B500283081 /* ContentView.swift in Sources */ = {isa = PBXBuildFile; fileRef = 2B07C9A62BA289B500283081 /* ContentView.swift */; };
		2B07C9A92BA289B600283081 /* Assets.xcassets in Resources */ = {isa = PBXBuildFile; fileRef = 2B07C9A82BA289B600283081 /* Assets.xcassets */; };
		2B07C9AC2BA289B600283081 /* Preview Assets.xcassets in Resources */ = {isa = PBXBuildFile; fileRef = 2B07C9AB2BA289B600283081 /* Preview Assets.xcassets */; };
		2B07C9B62BA289B600283081 /* Health_App_Watch_AppTests.swift in Sources */ = {isa = PBXBuildFile; fileRef = 2B07C9B52BA289B600283081 /* Health_App_Watch_AppTests.swift */; };
		2B07C9C02BA289B600283081 /* Health_App_Watch_AppUITests.swift in Sources */ = {isa = PBXBuildFile; fileRef = 2B07C9BF2BA289B600283081 /* Health_App_Watch_AppUITests.swift */; };
		2B07C9C22BA289B600283081 /* Health_App_Watch_AppUITestsLaunchTests.swift in Sources */ = {isa = PBXBuildFile; fileRef = 2B07C9C12BA289B600283081 /* Health_App_Watch_AppUITestsLaunchTests.swift */; };
		2B07C9D32BA289D000283081 /* WorkoutManager.swift in Sources */ = {isa = PBXBuildFile; fileRef = 2B07C9D22BA289D000283081 /* WorkoutManager.swift */; };
		2B07C9D52BA289E000283081 /* Health.swift in Sources */ = {isa = PBXBuildFile; fileRef = 2B07C9D42BA289E000283081 /* Health.swift */; };
		2B07C9D72BA289F200283081 /* test.swift in Sources */ = {isa = PBXBuildFile; fileRef = 2B07C9D62BA289F200283081 /* test.swift */; };
		2B07C9DB2BA290D800283081 /* test2.swift in Sources */ = {isa = PBXBuildFile; fileRef = 2B07C9DA2BA290D800283081 /* test2.swift */; };
/* End PBXBuildFile section */

/* Begin PBXContainerItemProxy section */
		2B07C9A12BA289B500283081 /* PBXContainerItemProxy */ = {
			isa = PBXContainerItemProxy;
			containerPortal = 2B07C9932BA289B500283081 /* Project object */;
			proxyType = 1;
			remoteGlobalIDString = 2B07C99E2BA289B500283081;
			remoteInfo = "Health_App Watch App";
		};
		2B07C9B22BA289B600283081 /* PBXContainerItemProxy */ = {
			isa = PBXContainerItemProxy;
			containerPortal = 2B07C9932BA289B500283081 /* Project object */;
			proxyType = 1;
			remoteGlobalIDString = 2B07C99E2BA289B500283081;
			remoteInfo = "Health_App Watch App";
		};
		2B07C9BC2BA289B600283081 /* PBXContainerItemProxy */ = {
			isa = PBXContainerItemProxy;
			containerPortal = 2B07C9932BA289B500283081 /* Project object */;
			proxyType = 1;
			remoteGlobalIDString = 2B07C99E2BA289B500283081;
			remoteInfo = "Health_App Watch App";
		};
/* End PBXContainerItemProxy section */

/* Begin PBXCopyFilesBuildPhase section */
		2B07C9C82BA289B600283081 /* Embed Watch Content */ = {
			isa = PBXCopyFilesBuildPhase;
			buildActionMask = 2147483647;
			dstPath = "$(CONTENTS_FOLDER_PATH)/Watch";
			dstSubfolderSpec = 16;
			files = (
				2B07C9A02BA289B500283081 /* Health_App Watch App.app in Embed Watch Content */,
			);
			name = "Embed Watch Content";
			runOnlyForDeploymentPostprocessing = 0;
		};
/* End PBXCopyFilesBuildPhase section */

/* Begin PBXFileReference section */
		2B07C9992BA289B500283081 /* Health_App.app */ = {isa = PBXFileReference; explicitFileType = wrapper.application; includeInIndex = 0; path = Health_App.app; sourceTree = BUILT_PRODUCTS_DIR; };
		2B07C99F2BA289B500283081 /* Health_App Watch App.app */ = {isa = PBXFileReference; explicitFileType = wrapper.application; includeInIndex = 0; path = "Health_App Watch App.app"; sourceTree = BUILT_PRODUCTS_DIR; };
		2B07C9A42BA289B500283081 /* Health_AppApp.swift */ = {isa = PBXFileReference; lastKnownFileType = sourcecode.swift; path = Health_AppApp.swift; sourceTree = "<group>"; };
		2B07C9A62BA289B500283081 /* ContentView.swift */ = {isa = PBXFileReference; lastKnownFileType = sourcecode.swift; path = ContentView.swift; sourceTree = "<group>"; };
		2B07C9A82BA289B600283081 /* Assets.xcassets */ = {isa = PBXFileReference; lastKnownFileType = folder.assetcatalog; path = Assets.xcassets; sourceTree = "<group>"; };
		2B07C9AB2BA289B600283081 /* Preview Assets.xcassets */ = {isa = PBXFileReference; lastKnownFileType = folder.assetcatalog; path = "Preview Assets.xcassets"; sourceTree = "<group>"; };
		2B07C9B12BA289B600283081 /* Health_App Watch AppTests.xctest */ = {isa = PBXFileReference; explicitFileType = wrapper.cfbundle; includeInIndex = 0; path = "Health_App Watch AppTests.xctest"; sourceTree = BUILT_PRODUCTS_DIR; };
		2B07C9B52BA289B600283081 /* Health_App_Watch_AppTests.swift */ = {isa = PBXFileReference; lastKnownFileType = sourcecode.swift; path = Health_App_Watch_AppTests.swift; sourceTree = "<group>"; };
		2B07C9BB2BA289B600283081 /* Health_App Watch AppUITests.xctest */ = {isa = PBXFileReference; explicitFileType = wrapper.cfbundle; includeInIndex = 0; path = "Health_App Watch AppUITests.xctest"; sourceTree = BUILT_PRODUCTS_DIR; };
		2B07C9BF2BA289B600283081 /* Health_App_Watch_AppUITests.swift */ = {isa = PBXFileReference; lastKnownFileType = sourcecode.swift; path = Health_App_Watch_AppUITests.swift; sourceTree = "<group>"; };
		2B07C9C12BA289B600283081 /* Health_App_Watch_AppUITestsLaunchTests.swift */ = {isa = PBXFileReference; lastKnownFileType = sourcecode.swift; path = Health_App_Watch_AppUITestsLaunchTests.swift; sourceTree = "<group>"; };
		2B07C9D22BA289D000283081 /* WorkoutManager.swift */ = {isa = PBXFileReference; fileEncoding = 4; lastKnownFileType = sourcecode.swift; name = WorkoutManager.swift; path = "../../Health_project/Health_project Watch App/WorkoutManager.swift"; sourceTree = "<group>"; };
		2B07C9D42BA289E000283081 /* Health.swift */ = {isa = PBXFileReference; fileEncoding = 4; lastKnownFileType = sourcecode.swift; name = Health.swift; path = "../../Health_project/Health_project Watch App/Health.swift"; sourceTree = "<group>"; };
		2B07C9D62BA289F200283081 /* test.swift */ = {isa = PBXFileReference; fileEncoding = 4; lastKnownFileType = sourcecode.swift; name = test.swift; path = "../../Health_project/Health_project Watch App/test.swift"; sourceTree = "<group>"; };
		2B07C9D82BA28B3A00283081 /* Health-App-Watch-App-Info.plist */ = {isa = PBXFileReference; lastKnownFileType = text.plist; path = "Health-App-Watch-App-Info.plist"; sourceTree = SOURCE_ROOT; };
		2B07C9D92BA2903900283081 /* Health_App Watch App.entitlements */ = {isa = PBXFileReference; lastKnownFileType = text.plist.entitlements; path = "Health_App Watch App.entitlements"; sourceTree = "<group>"; };
		2B07C9DA2BA290D800283081 /* test2.swift */ = {isa = PBXFileReference; lastKnownFileType = sourcecode.swift; path = test2.swift; sourceTree = "<group>"; };
/* End PBXFileReference section */

/* Begin PBXFrameworksBuildPhase section */
		2B07C99C2BA289B500283081 /* Frameworks */ = {
			isa = PBXFrameworksBuildPhase;
			buildActionMask = 2147483647;
			files = (
			);
			runOnlyForDeploymentPostprocessing = 0;
		};
		2B07C9AE2BA289B600283081 /* Frameworks */ = {
			isa = PBXFrameworksBuildPhase;
			buildActionMask = 2147483647;
			files = (
			);
			runOnlyForDeploymentPostprocessing = 0;
		};
		2B07C9B82BA289B600283081 /* Frameworks */ = {
			isa = PBXFrameworksBuildPhase;
			buildActionMask = 2147483647;
			files = (
			);
			runOnlyForDeploymentPostprocessing = 0;
		};
/* End PBXFrameworksBuildPhase section */

/* Begin PBXGroup section */
		2B07C9922BA289B500283081 = {
			isa = PBXGroup;
			children = (
				2B07C9A32BA289B500283081 /* Health_App Watch App */,
				2B07C9B42BA289B600283081 /* Health_App Watch AppTests */,
				2B07C9BE2BA289B600283081 /* Health_App Watch AppUITests */,
				2B07C99A2BA289B500283081 /* Products */,
			);
			sourceTree = "<group>";
		};
		2B07C99A2BA289B500283081 /* Products */ = {
			isa = PBXGroup;
			children = (
				2B07C9992BA289B500283081 /* Health_App.app */,
				2B07C99F2BA289B500283081 /* Health_App Watch App.app */,
				2B07C9B12BA289B600283081 /* Health_App Watch AppTests.xctest */,
				2B07C9BB2BA289B600283081 /* Health_App Watch AppUITests.xctest */,
			);
			name = Products;
			sourceTree = "<group>";
		};
		2B07C9A32BA289B500283081 /* Health_App Watch App */ = {
			isa = PBXGroup;
			children = (
				2B07C9D92BA2903900283081 /* Health_App Watch App.entitlements */,
				2B07C9D82BA28B3A00283081 /* Health-App-Watch-App-Info.plist */,
				2B07C9D22BA289D000283081 /* WorkoutManager.swift */,
				2B07C9A42BA289B500283081 /* Health_AppApp.swift */,
				2B07C9A62BA289B500283081 /* ContentView.swift */,
				2B07C9D42BA289E000283081 /* Health.swift */,
				2B07C9D62BA289F200283081 /* test.swift */,
				2B07C9DA2BA290D800283081 /* test2.swift */,
				2B07C9A82BA289B600283081 /* Assets.xcassets */,
				2B07C9AA2BA289B600283081 /* Preview Content */,
			);
			path = "Health_App Watch App";
			sourceTree = "<group>";
		};
		2B07C9AA2BA289B600283081 /* Preview Content */ = {
			isa = PBXGroup;
			children = (
				2B07C9AB2BA289B600283081 /* Preview Assets.xcassets */,
			);
			path = "Preview Content";
			sourceTree = "<group>";
		};
		2B07C9B42BA289B600283081 /* Health_App Watch AppTests */ = {
			isa = PBXGroup;
			children = (
				2B07C9B52BA289B600283081 /* Health_App_Watch_AppTests.swift */,
			);
			path = "Health_App Watch AppTests";
			sourceTree = "<group>";
		};
		2B07C9BE2BA289B600283081 /* Health_App Watch AppUITests */ = {
			isa = PBXGroup;
			children = (
				2B07C9BF2BA289B600283081 /* Health_App_Watch_AppUITests.swift */,
				2B07C9C12BA289B600283081 /* Health_App_Watch_AppUITestsLaunchTests.swift */,
			);
			path = "Health_App Watch AppUITests";
			sourceTree = "<group>";
		};
/* End PBXGroup section */

/* Begin PBXNativeTarget section */
		2B07C9982BA289B500283081 /* Health_App */ = {
			isa = PBXNativeTarget;
			buildConfigurationList = 2B07C9C92BA289B600283081 /* Build configuration list for PBXNativeTarget "Health_App" */;
			buildPhases = (
				2B07C9972BA289B500283081 /* Resources */,
				2B07C9C82BA289B600283081 /* Embed Watch Content */,
			);
			buildRules = (
			);
			dependencies = (
				2B07C9A22BA289B500283081 /* PBXTargetDependency */,
			);
			name = Health_App;
			productName = Health_App;
			productReference = 2B07C9992BA289B500283081 /* Health_App.app */;
			productType = "com.apple.product-type.application.watchapp2-container";
		};
		2B07C99E2BA289B500283081 /* Health_App Watch App */ = {
			isa = PBXNativeTarget;
			buildConfigurationList = 2B07C9C52BA289B600283081 /* Build configuration list for PBXNativeTarget "Health_App Watch App" */;
			buildPhases = (
				2B07C99B2BA289B500283081 /* Sources */,
				2B07C99C2BA289B500283081 /* Frameworks */,
				2B07C99D2BA289B500283081 /* Resources */,
			);
			buildRules = (
			);
			dependencies = (
			);
			name = "Health_App Watch App";
			productName = "Health_App Watch App";
			productReference = 2B07C99F2BA289B500283081 /* Health_App Watch App.app */;
			productType = "com.apple.product-type.application";
		};
		2B07C9B02BA289B600283081 /* Health_App Watch AppTests */ = {
			isa = PBXNativeTarget;
			buildConfigurationList = 2B07C9CC2BA289B600283081 /* Build configuration list for PBXNativeTarget "Health_App Watch AppTests" */;
			buildPhases = (
				2B07C9AD2BA289B600283081 /* Sources */,
				2B07C9AE2BA289B600283081 /* Frameworks */,
				2B07C9AF2BA289B600283081 /* Resources */,
			);
			buildRules = (
			);
			dependencies = (
				2B07C9B32BA289B600283081 /* PBXTargetDependency */,
			);
			name = "Health_App Watch AppTests";
			productName = "Health_App Watch AppTests";
			productReference = 2B07C9B12BA289B600283081 /* Health_App Watch AppTests.xctest */;
			productType = "com.apple.product-type.bundle.unit-test";
		};
		2B07C9BA2BA289B600283081 /* Health_App Watch AppUITests */ = {
			isa = PBXNativeTarget;
			buildConfigurationList = 2B07C9CF2BA289B600283081 /* Build configuration list for PBXNativeTarget "Health_App Watch AppUITests" */;
			buildPhases = (
				2B07C9B72BA289B600283081 /* Sources */,
				2B07C9B82BA289B600283081 /* Frameworks */,
				2B07C9B92BA289B600283081 /* Resources */,
			);
			buildRules = (
			);
			dependencies = (
				2B07C9BD2BA289B600283081 /* PBXTargetDependency */,
			);
			name = "Health_App Watch AppUITests";
			productName = "Health_App Watch AppUITests";
			productReference = 2B07C9BB2BA289B600283081 /* Health_App Watch AppUITests.xctest */;
			productType = "com.apple.product-type.bundle.ui-testing";
		};
/* End PBXNativeTarget section */

/* Begin PBXProject section */
		2B07C9932BA289B500283081 /* Project object */ = {
			isa = PBXProject;
			attributes = {
				BuildIndependentTargetsInParallel = 1;
				LastSwiftUpdateCheck = 1530;
				LastUpgradeCheck = 1530;
				TargetAttributes = {
					2B07C9982BA289B500283081 = {
						CreatedOnToolsVersion = 15.3;
					};
					2B07C99E2BA289B500283081 = {
						CreatedOnToolsVersion = 15.3;
					};
					2B07C9B02BA289B600283081 = {
						CreatedOnToolsVersion = 15.3;
						TestTargetID = 2B07C99E2BA289B500283081;
					};
					2B07C9BA2BA289B600283081 = {
						CreatedOnToolsVersion = 15.3;
						TestTargetID = 2B07C99E2BA289B500283081;
					};
				};
			};
			buildConfigurationList = 2B07C9962BA289B500283081 /* Build configuration list for PBXProject "Health_App" */;
			compatibilityVersion = "Xcode 14.0";
			developmentRegion = en;
			hasScannedForEncodings = 0;
			knownRegions = (
				en,
				Base,
			);
			mainGroup = 2B07C9922BA289B500283081;
			productRefGroup = 2B07C99A2BA289B500283081 /* Products */;
			projectDirPath = "";
			projectRoot = "";
			targets = (
				2B07C9982BA289B500283081 /* Health_App */,
				2B07C99E2BA289B500283081 /* Health_App Watch App */,
				2B07C9B02BA289B600283081 /* Health_App Watch AppTests */,
				2B07C9BA2BA289B600283081 /* Health_App Watch AppUITests */,
			);
		};
/* End PBXProject section */

/* Begin PBXResourcesBuildPhase section */
		2B07C9972BA289B500283081 /* Resources */ = {
			isa = PBXResourcesBuildPhase;
			buildActionMask = 2147483647;
			files = (
			);
			runOnlyForDeploymentPostprocessing = 0;
		};
		2B07C99D2BA289B500283081 /* Resources */ = {
			isa = PBXResourcesBuildPhase;
			buildActionMask = 2147483647;
			files = (
				2B07C9AC2BA289B600283081 /* Preview Assets.xcassets in Resources */,
				2B07C9A92BA289B600283081 /* Assets.xcassets in Resources */,
			);
			runOnlyForDeploymentPostprocessing = 0;
		};
		2B07C9AF2BA289B600283081 /* Resources */ = {
			isa = PBXResourcesBuildPhase;
			buildActionMask = 2147483647;
			files = (
			);
			runOnlyForDeploymentPostprocessing = 0;
		};
		2B07C9B92BA289B600283081 /* Resources */ = {
			isa = PBXResourcesBuildPhase;
			buildActionMask = 2147483647;
			files = (
			);
			runOnlyForDeploymentPostprocessing = 0;
		};
/* End PBXResourcesBuildPhase section */

/* Begin PBXSourcesBuildPhase section */
		2B07C99B2BA289B500283081 /* Sources */ = {
			isa = PBXSourcesBuildPhase;
			buildActionMask = 2147483647;
			files = (
				2B07C9A72BA289B500283081 /* ContentView.swift in Sources */,
				2B07C9D52BA289E000283081 /* Health.swift in Sources */,
				2B07C9A52BA289B500283081 /* Health_AppApp.swift in Sources */,
				2B07C9D72BA289F200283081 /* test.swift in Sources */,
				2B07C9DB2BA290D800283081 /* test2.swift in Sources */,
				2B07C9D32BA289D000283081 /* WorkoutManager.swift in Sources */,
			);
			runOnlyForDeploymentPostprocessing = 0;
		};
		2B07C9AD2BA289B600283081 /* Sources */ = {
			isa = PBXSourcesBuildPhase;
			buildActionMask = 2147483647;
			files = (
				2B07C9B62BA289B600283081 /* Health_App_Watch_AppTests.swift in Sources */,
			);
			runOnlyForDeploymentPostprocessing = 0;
		};
		2B07C9B72BA289B600283081 /* Sources */ = {
			isa = PBXSourcesBuildPhase;
			buildActionMask = 2147483647;
			files = (
				2B07C9C22BA289B600283081 /* Health_App_Watch_AppUITestsLaunchTests.swift in Sources */,
				2B07C9C02BA289B600283081 /* Health_App_Watch_AppUITests.swift in Sources */,
			);
			runOnlyForDeploymentPostprocessing = 0;
		};
/* End PBXSourcesBuildPhase section */

/* Begin PBXTargetDependency section */
		2B07C9A22BA289B500283081 /* PBXTargetDependency */ = {
			isa = PBXTargetDependency;
			target = 2B07C99E2BA289B500283081 /* Health_App Watch App */;
			targetProxy = 2B07C9A12BA289B500283081 /* PBXContainerItemProxy */;
		};
		2B07C9B32BA289B600283081 /* PBXTargetDependency */ = {
			isa = PBXTargetDependency;
			target = 2B07C99E2BA289B500283081 /* Health_App Watch App */;
			targetProxy = 2B07C9B22BA289B600283081 /* PBXContainerItemProxy */;
		};
		2B07C9BD2BA289B600283081 /* PBXTargetDependency */ = {
			isa = PBXTargetDependency;
			target = 2B07C99E2BA289B500283081 /* Health_App Watch App */;
			targetProxy = 2B07C9BC2BA289B600283081 /* PBXContainerItemProxy */;
		};
/* End PBXTargetDependency section */

/* Begin XCBuildConfiguration section */
		2B07C9C32BA289B600283081 /* Debug */ = {
			isa = XCBuildConfiguration;
			buildSettings = {
				ALWAYS_SEARCH_USER_PATHS = NO;
				ASSETCATALOG_COMPILER_GENERATE_SWIFT_ASSET_SYMBOL_EXTENSIONS = YES;
				CLANG_ANALYZER_NONNULL = YES;
				CLANG_ANALYZER_NUMBER_OBJECT_CONVERSION = YES_AGGRESSIVE;
				CLANG_CXX_LANGUAGE_STANDARD = "gnu++20";
				CLANG_ENABLE_MODULES = YES;
				CLANG_ENABLE_OBJC_ARC = YES;
				CLANG_ENABLE_OBJC_WEAK = YES;
				CLANG_WARN_BLOCK_CAPTURE_AUTORELEASING = YES;
				CLANG_WARN_BOOL_CONVERSION = YES;
				CLANG_WARN_COMMA = YES;
				CLANG_WARN_CONSTANT_CONVERSION = YES;
				CLANG_WARN_DEPRECATED_OBJC_IMPLEMENTATIONS = YES;
				CLANG_WARN_DIRECT_OBJC_ISA_USAGE = YES_ERROR;
				CLANG_WARN_DOCUMENTATION_COMMENTS = YES;
				CLANG_WARN_EMPTY_BODY = YES;
				CLANG_WARN_ENUM_CONVERSION = YES;
				CLANG_WARN_INFINITE_RECURSION = YES;
				CLANG_WARN_INT_CONVERSION = YES;
				CLANG_WARN_NON_LITERAL_NULL_CONVERSION = YES;
				CLANG_WARN_OBJC_IMPLICIT_RETAIN_SELF = YES;
				CLANG_WARN_OBJC_LITERAL_CONVERSION = YES;
				CLANG_WARN_OBJC_ROOT_CLASS = YES_ERROR;
				CLANG_WARN_QUOTED_INCLUDE_IN_FRAMEWORK_HEADER = YES;
				CLANG_WARN_RANGE_LOOP_ANALYSIS = YES;
				CLANG_WARN_STRICT_PROTOTYPES = YES;
				CLANG_WARN_SUSPICIOUS_MOVE = YES;
				CLANG_WARN_UNGUARDED_AVAILABILITY = YES_AGGRESSIVE;
				CLANG_WARN_UNREACHABLE_CODE = YES;
				CLANG_WARN__DUPLICATE_METHOD_MATCH = YES;
				COPY_PHASE_STRIP = NO;
				DEBUG_INFORMATION_FORMAT = dwarf;
				ENABLE_STRICT_OBJC_MSGSEND = YES;
				ENABLE_TESTABILITY = YES;
				ENABLE_USER_SCRIPT_SANDBOXING = YES;
				GCC_C_LANGUAGE_STANDARD = gnu17;
				GCC_DYNAMIC_NO_PIC = NO;
				GCC_NO_COMMON_BLOCKS = YES;
				GCC_OPTIMIZATION_LEVEL = 0;
				GCC_PREPROCESSOR_DEFINITIONS = (
					"DEBUG=1",
					"$(inherited)",
				);
				GCC_WARN_64_TO_32_BIT_CONVERSION = YES;
				GCC_WARN_ABOUT_RETURN_TYPE = YES_ERROR;
				GCC_WARN_UNDECLARED_SELECTOR = YES;
				GCC_WARN_UNINITIALIZED_AUTOS = YES_AGGRESSIVE;
				GCC_WARN_UNUSED_FUNCTION = YES;
				GCC_WARN_UNUSED_VARIABLE = YES;
				LOCALIZATION_PREFERS_STRING_CATALOGS = YES;
				MTL_ENABLE_DEBUG_INFO = INCLUDE_SOURCE;
				MTL_FAST_MATH = YES;
				ONLY_ACTIVE_ARCH = YES;
				SWIFT_ACTIVE_COMPILATION_CONDITIONS = "DEBUG $(inherited)";
				SWIFT_OPTIMIZATION_LEVEL = "-Onone";
			};
			name = Debug;
		};
		2B07C9C42BA289B600283081 /* Release */ = {
			isa = XCBuildConfiguration;
			buildSettings = {
				ALWAYS_SEARCH_USER_PATHS = NO;
				ASSETCATALOG_COMPILER_GENERATE_SWIFT_ASSET_SYMBOL_EXTENSIONS = YES;
				CLANG_ANALYZER_NONNULL = YES;
				CLANG_ANALYZER_NUMBER_OBJECT_CONVERSION = YES_AGGRESSIVE;
				CLANG_CXX_LANGUAGE_STANDARD = "gnu++20";
				CLANG_ENABLE_MODULES = YES;
				CLANG_ENABLE_OBJC_ARC = YES;
				CLANG_ENABLE_OBJC_WEAK = YES;
				CLANG_WARN_BLOCK_CAPTURE_AUTORELEASING = YES;
				CLANG_WARN_BOOL_CONVERSION = YES;
				CLANG_WARN_COMMA = YES;
				CLANG_WARN_CONSTANT_CONVERSION = YES;
				CLANG_WARN_DEPRECATED_OBJC_IMPLEMENTATIONS = YES;
				CLANG_WARN_DIRECT_OBJC_ISA_USAGE = YES_ERROR;
				CLANG_WARN_DOCUMENTATION_COMMENTS = YES;
				CLANG_WARN_EMPTY_BODY = YES;
				CLANG_WARN_ENUM_CONVERSION = YES;
				CLANG_WARN_INFINITE_RECURSION = YES;
				CLANG_WARN_INT_CONVERSION = YES;
				CLANG_WARN_NON_LITERAL_NULL_CONVERSION = YES;
				CLANG_WARN_OBJC_IMPLICIT_RETAIN_SELF = YES;
				CLANG_WARN_OBJC_LITERAL_CONVERSION = YES;
				CLANG_WARN_OBJC_ROOT_CLASS = YES_ERROR;
				CLANG_WARN_QUOTED_INCLUDE_IN_FRAMEWORK_HEADER = YES;
				CLANG_WARN_RANGE_LOOP_ANALYSIS = YES;
				CLANG_WARN_STRICT_PROTOTYPES = YES;
				CLANG_WARN_SUSPICIOUS_MOVE = YES;
				CLANG_WARN_UNGUARDED_AVAILABILITY = YES_AGGRESSIVE;
				CLANG_WARN_UNREACHABLE_CODE = YES;
				CLANG_WARN__DUPLICATE_METHOD_MATCH = YES;
				COPY_PHASE_STRIP = NO;
				DEBUG_INFORMATION_FORMAT = "dwarf-with-dsym";
				ENABLE_NS_ASSERTIONS = NO;
				ENABLE_STRICT_OBJC_MSGSEND = YES;
				ENABLE_USER_SCRIPT_SANDBOXING = YES;
				GCC_C_LANGUAGE_STANDARD = gnu17;
				GCC_NO_COMMON_BLOCKS = YES;
				GCC_WARN_64_TO_32_BIT_CONVERSION = YES;
				GCC_WARN_ABOUT_RETURN_TYPE = YES_ERROR;
				GCC_WARN_UNDECLARED_SELECTOR = YES;
				GCC_WARN_UNINITIALIZED_AUTOS = YES_AGGRESSIVE;
				GCC_WARN_UNUSED_FUNCTION = YES;
				GCC_WARN_UNUSED_VARIABLE = YES;
				LOCALIZATION_PREFERS_STRING_CATALOGS = YES;
				MTL_ENABLE_DEBUG_INFO = NO;
				MTL_FAST_MATH = YES;
				SWIFT_COMPILATION_MODE = wholemodule;
			};
			name = Release;
		};
		2B07C9C62BA289B600283081 /* Debug */ = {
			isa = XCBuildConfiguration;
			buildSettings = {
				ASSETCATALOG_COMPILER_APPICON_NAME = AppIcon;
				ASSETCATALOG_COMPILER_GLOBAL_ACCENT_COLOR_NAME = AccentColor;
				CODE_SIGN_ENTITLEMENTS = "Health_App Watch App/Health_App Watch App.entitlements";
				CODE_SIGN_STYLE = Automatic;
				CURRENT_PROJECT_VERSION = 1;
				DEVELOPMENT_ASSET_PATHS = "\"Health_App Watch App/Preview Content\"";
				DEVELOPMENT_TEAM = 8HM2XMG9QM;
				ENABLE_PREVIEWS = YES;
				GENERATE_INFOPLIST_FILE = YES;
				INFOPLIST_FILE = "Health-App-Watch-App-Info.plist";
				INFOPLIST_KEY_CFBundleDisplayName = Health_App;
				INFOPLIST_KEY_NSHealthShareUsageDescription = "setting auth for health store";
				INFOPLIST_KEY_NSHealthUpdateUsageDescription = "setting auth for usage description";
				INFOPLIST_KEY_UISupportedInterfaceOrientations = "UIInterfaceOrientationPortrait UIInterfaceOrientationPortraitUpsideDown";
				INFOPLIST_KEY_WKWatchOnly = YES;
				LD_RUNPATH_SEARCH_PATHS = (
					"$(inherited)",
					"@executable_path/Frameworks",
				);
				MARKETING_VERSION = 1.0;
				PRODUCT_BUNDLE_IDENTIFIER = "llll.Health-App.watchkitapp";
				PRODUCT_NAME = "$(TARGET_NAME)";
				SDKROOT = watchos;
				SKIP_INSTALL = YES;
				SWIFT_EMIT_LOC_STRINGS = YES;
				SWIFT_VERSION = 5.0;
				TARGETED_DEVICE_FAMILY = 4;
				WATCHOS_DEPLOYMENT_TARGET = 10.4;
			};
			name = Debug;
		};
		2B07C9C72BA289B600283081 /* Release */ = {
			isa = XCBuildConfiguration;
			buildSettings = {
				ASSETCATALOG_COMPILER_APPICON_NAME = AppIcon;
				ASSETCATALOG_COMPILER_GLOBAL_ACCENT_COLOR_NAME = AccentColor;
				CODE_SIGN_ENTITLEMENTS = "Health_App Watch App/Health_App Watch App.entitlements";
				CODE_SIGN_STYLE = Automatic;
				CURRENT_PROJECT_VERSION = 1;
				DEVELOPMENT_ASSET_PATHS = "\"Health_App Watch App/Preview Content\"";
				DEVELOPMENT_TEAM = 8HM2XMG9QM;
				ENABLE_PREVIEWS = YES;
				GENERATE_INFOPLIST_FILE = YES;
				INFOPLIST_FILE = "Health-App-Watch-App-Info.plist";
				INFOPLIST_KEY_CFBundleDisplayName = Health_App;
				INFOPLIST_KEY_NSHealthShareUsageDescription = "setting auth for health store";
				INFOPLIST_KEY_NSHealthUpdateUsageDescription = "setting auth for usage description";
				INFOPLIST_KEY_UISupportedInterfaceOrientations = "UIInterfaceOrientationPortrait UIInterfaceOrientationPortraitUpsideDown";
				INFOPLIST_KEY_WKWatchOnly = YES;
				LD_RUNPATH_SEARCH_PATHS = (
					"$(inherited)",
					"@executable_path/Frameworks",
				);
				MARKETING_VERSION = 1.0;
				PRODUCT_BUNDLE_IDENTIFIER = "llll.Health-App.watchkitapp";
				PRODUCT_NAME = "$(TARGET_NAME)";
				SDKROOT = watchos;
				SKIP_INSTALL = YES;
				SWIFT_EMIT_LOC_STRINGS = YES;
				SWIFT_VERSION = 5.0;
				TARGETED_DEVICE_FAMILY = 4;
				VALIDATE_PRODUCT = YES;
				WATCHOS_DEPLOYMENT_TARGET = 10.4;
			};
			name = Release;
		};
		2B07C9CA2BA289B600283081 /* Debug */ = {
			isa = XCBuildConfiguration;
			buildSettings = {
				ALWAYS_EMBED_SWIFT_STANDARD_LIBRARIES = YES;
				CODE_SIGN_STYLE = Automatic;
				CURRENT_PROJECT_VERSION = 1;
				DEVELOPMENT_TEAM = 8HM2XMG9QM;
				INFOPLIST_KEY_CFBundleDisplayName = Health_App;
				MARKETING_VERSION = 1.0;
				PRODUCT_BUNDLE_IDENTIFIER = "llll.Health-App";
				PRODUCT_NAME = "$(TARGET_NAME)";
				SDKROOT = iphoneos;
				SWIFT_VERSION = 5.0;
			};
			name = Debug;
		};
		2B07C9CB2BA289B600283081 /* Release */ = {
			isa = XCBuildConfiguration;
			buildSettings = {
				ALWAYS_EMBED_SWIFT_STANDARD_LIBRARIES = YES;
				CODE_SIGN_STYLE = Automatic;
				CURRENT_PROJECT_VERSION = 1;
				DEVELOPMENT_TEAM = 8HM2XMG9QM;
				INFOPLIST_KEY_CFBundleDisplayName = Health_App;
				MARKETING_VERSION = 1.0;
				PRODUCT_BUNDLE_IDENTIFIER = "llll.Health-App";
				PRODUCT_NAME = "$(TARGET_NAME)";
				SDKROOT = iphoneos;
				SWIFT_VERSION = 5.0;
				VALIDATE_PRODUCT = YES;
			};
			name = Release;
		};
		2B07C9CD2BA289B600283081 /* Debug */ = {
			isa = XCBuildConfiguration;
			buildSettings = {
				ALWAYS_EMBED_SWIFT_STANDARD_LIBRARIES = YES;
				BUNDLE_LOADER = "$(TEST_HOST)";
				CODE_SIGN_STYLE = Automatic;
				CURRENT_PROJECT_VERSION = 1;
				DEVELOPMENT_TEAM = 8HM2XMG9QM;
				GENERATE_INFOPLIST_FILE = YES;
				MARKETING_VERSION = 1.0;
				PRODUCT_BUNDLE_IDENTIFIER = "llll.Health-App-Watch-AppTests";
				PRODUCT_NAME = "$(TARGET_NAME)";
				SDKROOT = watchos;
				SWIFT_EMIT_LOC_STRINGS = NO;
				SWIFT_VERSION = 5.0;
				TARGETED_DEVICE_FAMILY = 4;
				TEST_HOST = "$(BUILT_PRODUCTS_DIR)/Health_App Watch App.app/$(BUNDLE_EXECUTABLE_FOLDER_PATH)/Health_App Watch App";
				WATCHOS_DEPLOYMENT_TARGET = 10.4;
			};
			name = Debug;
		};
		2B07C9CE2BA289B600283081 /* Release */ = {
			isa = XCBuildConfiguration;
			buildSettings = {
				ALWAYS_EMBED_SWIFT_STANDARD_LIBRARIES = YES;
				BUNDLE_LOADER = "$(TEST_HOST)";
				CODE_SIGN_STYLE = Automatic;
				CURRENT_PROJECT_VERSION = 1;
				DEVELOPMENT_TEAM = 8HM2XMG9QM;
				GENERATE_INFOPLIST_FILE = YES;
				MARKETING_VERSION = 1.0;
				PRODUCT_BUNDLE_IDENTIFIER = "llll.Health-App-Watch-AppTests";
				PRODUCT_NAME = "$(TARGET_NAME)";
				SDKROOT = watchos;
				SWIFT_EMIT_LOC_STRINGS = NO;
				SWIFT_VERSION = 5.0;
				TARGETED_DEVICE_FAMILY = 4;
				TEST_HOST = "$(BUILT_PRODUCTS_DIR)/Health_App Watch App.app/$(BUNDLE_EXECUTABLE_FOLDER_PATH)/Health_App Watch App";
				VALIDATE_PRODUCT = YES;
				WATCHOS_DEPLOYMENT_TARGET = 10.4;
			};
			name = Release;
		};
		2B07C9D02BA289B600283081 /* Debug */ = {
			isa = XCBuildConfiguration;
			buildSettings = {
				ALWAYS_EMBED_SWIFT_STANDARD_LIBRARIES = YES;
				CODE_SIGN_STYLE = Automatic;
				CURRENT_PROJECT_VERSION = 1;
				DEVELOPMENT_TEAM = 8HM2XMG9QM;
				GENERATE_INFOPLIST_FILE = YES;
				MARKETING_VERSION = 1.0;
				PRODUCT_BUNDLE_IDENTIFIER = "llll.Health-App-Watch-AppUITests";
				PRODUCT_NAME = "$(TARGET_NAME)";
				SDKROOT = watchos;
				SWIFT_EMIT_LOC_STRINGS = NO;
				SWIFT_VERSION = 5.0;
				TARGETED_DEVICE_FAMILY = 4;
				TEST_TARGET_NAME = "Health_App Watch App";
				WATCHOS_DEPLOYMENT_TARGET = 10.4;
			};
			name = Debug;
		};
		2B07C9D12BA289B600283081 /* Release */ = {
			isa = XCBuildConfiguration;
			buildSettings = {
				ALWAYS_EMBED_SWIFT_STANDARD_LIBRARIES = YES;
				CODE_SIGN_STYLE = Automatic;
				CURRENT_PROJECT_VERSION = 1;
				DEVELOPMENT_TEAM = 8HM2XMG9QM;
				GENERATE_INFOPLIST_FILE = YES;
				MARKETING_VERSION = 1.0;
				PRODUCT_BUNDLE_IDENTIFIER = "llll.Health-App-Watch-AppUITests";
				PRODUCT_NAME = "$(TARGET_NAME)";
				SDKROOT = watchos;
				SWIFT_EMIT_LOC_STRINGS = NO;
				SWIFT_VERSION = 5.0;
				TARGETED_DEVICE_FAMILY = 4;
				TEST_TARGET_NAME = "Health_App Watch App";
				VALIDATE_PRODUCT = YES;
				WATCHOS_DEPLOYMENT_TARGET = 10.4;
			};
			name = Release;
		};
/* End XCBuildConfiguration section */

/* Begin XCConfigurationList section */
		2B07C9962BA289B500283081 /* Build configuration list for PBXProject "Health_App" */ = {
			isa = XCConfigurationList;
			buildConfigurations = (
				2B07C9C32BA289B600283081 /* Debug */,
				2B07C9C42BA289B600283081 /* Release */,
			);
			defaultConfigurationIsVisible = 0;
			defaultConfigurationName = Release;
		};
		2B07C9C52BA289B600283081 /* Build configuration list for PBXNativeTarget "Health_App Watch App" */ = {
			isa = XCConfigurationList;
			buildConfigurations = (
				2B07C9C62BA289B600283081 /* Debug */,
				2B07C9C72BA289B600283081 /* Release */,
			);
			defaultConfigurationIsVisible = 0;
			defaultConfigurationName = Release;
		};
		2B07C9C92BA289B600283081 /* Build configuration list for PBXNativeTarget "Health_App" */ = {
			isa = XCConfigurationList;
			buildConfigurations = (
				2B07C9CA2BA289B600283081 /* Debug */,
				2B07C9CB2BA289B600283081 /* Release */,
			);
			defaultConfigurationIsVisible = 0;
			defaultConfigurationName = Release;
		};
		2B07C9CC2BA289B600283081 /* Build configuration list for PBXNativeTarget "Health_App Watch AppTests" */ = {
			isa = XCConfigurationList;
			buildConfigurations = (
				2B07C9CD2BA289B600283081 /* Debug */,
				2B07C9CE2BA289B600283081 /* Release */,
			);
			defaultConfigurationIsVisible = 0;
			defaultConfigurationName = Release;
		};
		2B07C9CF2BA289B600283081 /* Build configuration list for PBXNativeTarget "Health_App Watch AppUITests" */ = {
			isa = XCConfigurationList;
			buildConfigurations = (
				2B07C9D02BA289B600283081 /* Debug */,
				2B07C9D12BA289B600283081 /* Release */,
			);
			defaultConfigurationIsVisible = 0;
			defaultConfigurationName = Release;
		};
/* End XCConfigurationList section */
	};
	rootObject = 2B07C9932BA289B500283081 /* Project object */;
}
