// !$*UTF8*$!
{
	archiveVersion = 1;
	classes = {
	};
	objectVersion = 56;
	objects = {

/* Begin PBXBuildFile section */
		2B69789E2B9E029A00D684BA /* Health_project Watch App.app in Embed Watch Content */ = {isa = PBXBuildFile; fileRef = 2B69789D2B9E029A00D684BA /* Health_project Watch App.app */; settings = {ATTRIBUTES = (RemoveHeadersOnCopy, ); }; };
		2B6978A32B9E029A00D684BA /* Health_projectApp.swift in Sources */ = {isa = PBXBuildFile; fileRef = 2B6978A22B9E029A00D684BA /* Health_projectApp.swift */; };
		2B6978A52B9E029A00D684BA /* ContentView.swift in Sources */ = {isa = PBXBuildFile; fileRef = 2B6978A42B9E029A00D684BA /* ContentView.swift */; };
		2B6978A72B9E029B00D684BA /* Assets.xcassets in Resources */ = {isa = PBXBuildFile; fileRef = 2B6978A62B9E029B00D684BA /* Assets.xcassets */; };
		2B6978AA2B9E029B00D684BA /* Preview Assets.xcassets in Resources */ = {isa = PBXBuildFile; fileRef = 2B6978A92B9E029B00D684BA /* Preview Assets.xcassets */; };
		2B6978B42B9E029C00D684BA /* Health_project_Watch_AppTests.swift in Sources */ = {isa = PBXBuildFile; fileRef = 2B6978B32B9E029C00D684BA /* Health_project_Watch_AppTests.swift */; };
		2B6978BE2B9E029C00D684BA /* Health_project_Watch_AppUITests.swift in Sources */ = {isa = PBXBuildFile; fileRef = 2B6978BD2B9E029C00D684BA /* Health_project_Watch_AppUITests.swift */; };
		2B6978C02B9E029C00D684BA /* Health_project_Watch_AppUITestsLaunchTests.swift in Sources */ = {isa = PBXBuildFile; fileRef = 2B6978BF2B9E029C00D684BA /* Health_project_Watch_AppUITestsLaunchTests.swift */; };
		2B6978D12B9E03FA00D684BA /* Health.swift in Sources */ = {isa = PBXBuildFile; fileRef = 2B6978D02B9E03FA00D684BA /* Health.swift */; };
		2B6978D42B9E073100D684BA /* WorkoutManager.swift in Sources */ = {isa = PBXBuildFile; fileRef = 2B6978D32B9E073100D684BA /* WorkoutManager.swift */; };
		2B6978D62B9E077C00D684BA /* StartView.swift in Sources */ = {isa = PBXBuildFile; fileRef = 2B6978D52B9E077C00D684BA /* StartView.swift */; };
		2B6978D92B9E099E00D684BA /* SessionPagingView.swift in Sources */ = {isa = PBXBuildFile; fileRef = 2B6978D82B9E099E00D684BA /* SessionPagingView.swift */; };
		2B6978DB2B9E0A0300D684BA /* ControlsView.swift in Sources */ = {isa = PBXBuildFile; fileRef = 2B6978DA2B9E0A0300D684BA /* ControlsView.swift */; };
		2B6978DD2B9E0A0800D684BA /* MetricsView.swift in Sources */ = {isa = PBXBuildFile; fileRef = 2B6978DC2B9E0A0800D684BA /* MetricsView.swift */; };
		2B6978DF2B9E0A2300D684BA /* ElapsedTimeView.swift in Sources */ = {isa = PBXBuildFile; fileRef = 2B6978DE2B9E0A2300D684BA /* ElapsedTimeView.swift */; };
		2B6978E12B9E0B7000D684BA /* test.swift in Sources */ = {isa = PBXBuildFile; fileRef = 2B6978E02B9E0B7000D684BA /* test.swift */; };
		2B6978E32B9E114200D684BA /* PagerManager.swift in Sources */ = {isa = PBXBuildFile; fileRef = 2B6978E22B9E114200D684BA /* PagerManager.swift */; };
		2B6978E52B9E132900D684BA /* BluetoothManager.swift in Sources */ = {isa = PBXBuildFile; fileRef = 2B6978E42B9E132900D684BA /* BluetoothManager.swift */; };
/* End PBXBuildFile section */

/* Begin PBXContainerItemProxy section */
		2B69789F2B9E029A00D684BA /* PBXContainerItemProxy */ = {
			isa = PBXContainerItemProxy;
			containerPortal = 2B6978912B9E029A00D684BA /* Project object */;
			proxyType = 1;
			remoteGlobalIDString = 2B69789C2B9E029A00D684BA;
			remoteInfo = "Health_project Watch App";
		};
		2B6978B02B9E029C00D684BA /* PBXContainerItemProxy */ = {
			isa = PBXContainerItemProxy;
			containerPortal = 2B6978912B9E029A00D684BA /* Project object */;
			proxyType = 1;
			remoteGlobalIDString = 2B69789C2B9E029A00D684BA;
			remoteInfo = "Health_project Watch App";
		};
		2B6978BA2B9E029C00D684BA /* PBXContainerItemProxy */ = {
			isa = PBXContainerItemProxy;
			containerPortal = 2B6978912B9E029A00D684BA /* Project object */;
			proxyType = 1;
			remoteGlobalIDString = 2B69789C2B9E029A00D684BA;
			remoteInfo = "Health_project Watch App";
		};
/* End PBXContainerItemProxy section */

/* Begin PBXCopyFilesBuildPhase section */
		2B6978C62B9E029C00D684BA /* Embed Watch Content */ = {
			isa = PBXCopyFilesBuildPhase;
			buildActionMask = 2147483647;
			dstPath = "$(CONTENTS_FOLDER_PATH)/Watch";
			dstSubfolderSpec = 16;
			files = (
				2B69789E2B9E029A00D684BA /* Health_project Watch App.app in Embed Watch Content */,
			);
			name = "Embed Watch Content";
			runOnlyForDeploymentPostprocessing = 0;
		};
/* End PBXCopyFilesBuildPhase section */

/* Begin PBXFileReference section */
		2B6978972B9E029A00D684BA /* Health_project.app */ = {isa = PBXFileReference; explicitFileType = wrapper.application; includeInIndex = 0; path = Health_project.app; sourceTree = BUILT_PRODUCTS_DIR; };
		2B69789D2B9E029A00D684BA /* Health_project Watch App.app */ = {isa = PBXFileReference; explicitFileType = wrapper.application; includeInIndex = 0; path = "Health_project Watch App.app"; sourceTree = BUILT_PRODUCTS_DIR; };
		2B6978A22B9E029A00D684BA /* Health_projectApp.swift */ = {isa = PBXFileReference; lastKnownFileType = sourcecode.swift; path = Health_projectApp.swift; sourceTree = "<group>"; };
		2B6978A42B9E029A00D684BA /* ContentView.swift */ = {isa = PBXFileReference; lastKnownFileType = sourcecode.swift; path = ContentView.swift; sourceTree = "<group>"; };
		2B6978A62B9E029B00D684BA /* Assets.xcassets */ = {isa = PBXFileReference; lastKnownFileType = folder.assetcatalog; path = Assets.xcassets; sourceTree = "<group>"; };
		2B6978A92B9E029B00D684BA /* Preview Assets.xcassets */ = {isa = PBXFileReference; lastKnownFileType = folder.assetcatalog; path = "Preview Assets.xcassets"; sourceTree = "<group>"; };
		2B6978AF2B9E029C00D684BA /* Health_project Watch AppTests.xctest */ = {isa = PBXFileReference; explicitFileType = wrapper.cfbundle; includeInIndex = 0; path = "Health_project Watch AppTests.xctest"; sourceTree = BUILT_PRODUCTS_DIR; };
		2B6978B32B9E029C00D684BA /* Health_project_Watch_AppTests.swift */ = {isa = PBXFileReference; lastKnownFileType = sourcecode.swift; path = Health_project_Watch_AppTests.swift; sourceTree = "<group>"; };
		2B6978B92B9E029C00D684BA /* Health_project Watch AppUITests.xctest */ = {isa = PBXFileReference; explicitFileType = wrapper.cfbundle; includeInIndex = 0; path = "Health_project Watch AppUITests.xctest"; sourceTree = BUILT_PRODUCTS_DIR; };
		2B6978BD2B9E029C00D684BA /* Health_project_Watch_AppUITests.swift */ = {isa = PBXFileReference; lastKnownFileType = sourcecode.swift; path = Health_project_Watch_AppUITests.swift; sourceTree = "<group>"; };
		2B6978BF2B9E029C00D684BA /* Health_project_Watch_AppUITestsLaunchTests.swift */ = {isa = PBXFileReference; lastKnownFileType = sourcecode.swift; path = Health_project_Watch_AppUITestsLaunchTests.swift; sourceTree = "<group>"; };
		2B6978D02B9E03FA00D684BA /* Health.swift */ = {isa = PBXFileReference; lastKnownFileType = sourcecode.swift; path = Health.swift; sourceTree = "<group>"; };
		2B6978D32B9E073100D684BA /* WorkoutManager.swift */ = {isa = PBXFileReference; lastKnownFileType = sourcecode.swift; path = WorkoutManager.swift; sourceTree = "<group>"; };
		2B6978D52B9E077C00D684BA /* StartView.swift */ = {isa = PBXFileReference; lastKnownFileType = sourcecode.swift; path = StartView.swift; sourceTree = "<group>"; };
		2B6978D82B9E099E00D684BA /* SessionPagingView.swift */ = {isa = PBXFileReference; fileEncoding = 4; lastKnownFileType = sourcecode.swift; path = SessionPagingView.swift; sourceTree = "<group>"; };
		2B6978DA2B9E0A0300D684BA /* ControlsView.swift */ = {isa = PBXFileReference; fileEncoding = 4; lastKnownFileType = sourcecode.swift; path = ControlsView.swift; sourceTree = "<group>"; };
		2B6978DC2B9E0A0800D684BA /* MetricsView.swift */ = {isa = PBXFileReference; fileEncoding = 4; lastKnownFileType = sourcecode.swift; path = MetricsView.swift; sourceTree = "<group>"; };
		2B6978DE2B9E0A2300D684BA /* ElapsedTimeView.swift */ = {isa = PBXFileReference; fileEncoding = 4; lastKnownFileType = sourcecode.swift; path = ElapsedTimeView.swift; sourceTree = "<group>"; };
		2B6978E02B9E0B7000D684BA /* test.swift */ = {isa = PBXFileReference; lastKnownFileType = sourcecode.swift; path = test.swift; sourceTree = "<group>"; };
		2B6978E22B9E114200D684BA /* PagerManager.swift */ = {isa = PBXFileReference; lastKnownFileType = sourcecode.swift; path = PagerManager.swift; sourceTree = "<group>"; };
		2B6978E42B9E132900D684BA /* BluetoothManager.swift */ = {isa = PBXFileReference; lastKnownFileType = sourcecode.swift; path = BluetoothManager.swift; sourceTree = "<group>"; };
		2BBCC04C2BA0A4D300395939 /* Health-project-Watch-App-Info.plist */ = {isa = PBXFileReference; lastKnownFileType = text.plist; path = "Health-project-Watch-App-Info.plist"; sourceTree = SOURCE_ROOT; };
/* End PBXFileReference section */

/* Begin PBXFrameworksBuildPhase section */
		2B69789A2B9E029A00D684BA /* Frameworks */ = {
			isa = PBXFrameworksBuildPhase;
			buildActionMask = 2147483647;
			files = (
			);
			runOnlyForDeploymentPostprocessing = 0;
		};
		2B6978AC2B9E029C00D684BA /* Frameworks */ = {
			isa = PBXFrameworksBuildPhase;
			buildActionMask = 2147483647;
			files = (
			);
			runOnlyForDeploymentPostprocessing = 0;
		};
		2B6978B62B9E029C00D684BA /* Frameworks */ = {
			isa = PBXFrameworksBuildPhase;
			buildActionMask = 2147483647;
			files = (
			);
			runOnlyForDeploymentPostprocessing = 0;
		};
/* End PBXFrameworksBuildPhase section */

/* Begin PBXGroup section */
		2B6978902B9E029A00D684BA = {
			isa = PBXGroup;
			children = (
				2B6978A12B9E029A00D684BA /* Health_project Watch App */,
				2B6978B22B9E029C00D684BA /* Health_project Watch AppTests */,
				2B6978BC2B9E029C00D684BA /* Health_project Watch AppUITests */,
				2B6978982B9E029A00D684BA /* Products */,
			);
			sourceTree = "<group>";
		};
		2B6978982B9E029A00D684BA /* Products */ = {
			isa = PBXGroup;
			children = (
				2B6978972B9E029A00D684BA /* Health_project.app */,
				2B69789D2B9E029A00D684BA /* Health_project Watch App.app */,
				2B6978AF2B9E029C00D684BA /* Health_project Watch AppTests.xctest */,
				2B6978B92B9E029C00D684BA /* Health_project Watch AppUITests.xctest */,
			);
			name = Products;
			sourceTree = "<group>";
		};
		2B6978A12B9E029A00D684BA /* Health_project Watch App */ = {
			isa = PBXGroup;
			children = (
				2BBCC04C2BA0A4D300395939 /* Health-project-Watch-App-Info.plist */,
				2B6978D22B9E072300D684BA /* Controller */,
				2B6978A22B9E029A00D684BA /* Health_projectApp.swift */,
				2B6978A42B9E029A00D684BA /* ContentView.swift */,
				2B6978A62B9E029B00D684BA /* Assets.xcassets */,
				2B6978A82B9E029B00D684BA /* Preview Content */,
				2B6978D02B9E03FA00D684BA /* Health.swift */,
				2B6978D72B9E078100D684BA /* Views */,
				2B6978E02B9E0B7000D684BA /* test.swift */,
				2B6978E22B9E114200D684BA /* PagerManager.swift */,
			);
			path = "Health_project Watch App";
			sourceTree = "<group>";
		};
		2B6978A82B9E029B00D684BA /* Preview Content */ = {
			isa = PBXGroup;
			children = (
				2B6978A92B9E029B00D684BA /* Preview Assets.xcassets */,
			);
			path = "Preview Content";
			sourceTree = "<group>";
		};
		2B6978B22B9E029C00D684BA /* Health_project Watch AppTests */ = {
			isa = PBXGroup;
			children = (
				2B6978B32B9E029C00D684BA /* Health_project_Watch_AppTests.swift */,
			);
			path = "Health_project Watch AppTests";
			sourceTree = "<group>";
		};
		2B6978BC2B9E029C00D684BA /* Health_project Watch AppUITests */ = {
			isa = PBXGroup;
			children = (
				2B6978BD2B9E029C00D684BA /* Health_project_Watch_AppUITests.swift */,
				2B6978BF2B9E029C00D684BA /* Health_project_Watch_AppUITestsLaunchTests.swift */,
			);
			path = "Health_project Watch AppUITests";
			sourceTree = "<group>";
		};
		2B6978D22B9E072300D684BA /* Controller */ = {
			isa = PBXGroup;
			children = (
				2B6978D32B9E073100D684BA /* WorkoutManager.swift */,
				2B6978E42B9E132900D684BA /* BluetoothManager.swift */,
			);
			name = Controller;
			sourceTree = "<group>";
		};
		2B6978D72B9E078100D684BA /* Views */ = {
			isa = PBXGroup;
			children = (
				2B6978DE2B9E0A2300D684BA /* ElapsedTimeView.swift */,
				2B6978DA2B9E0A0300D684BA /* ControlsView.swift */,
				2B6978D82B9E099E00D684BA /* SessionPagingView.swift */,
				2B6978D52B9E077C00D684BA /* StartView.swift */,
				2B6978DC2B9E0A0800D684BA /* MetricsView.swift */,
			);
			path = Views;
			sourceTree = "<group>";
		};
/* End PBXGroup section */

/* Begin PBXNativeTarget section */
		2B6978962B9E029A00D684BA /* Health_project */ = {
			isa = PBXNativeTarget;
			buildConfigurationList = 2B6978C72B9E029C00D684BA /* Build configuration list for PBXNativeTarget "Health_project" */;
			buildPhases = (
				2B6978952B9E029A00D684BA /* Resources */,
				2B6978C62B9E029C00D684BA /* Embed Watch Content */,
			);
			buildRules = (
			);
			dependencies = (
				2B6978A02B9E029A00D684BA /* PBXTargetDependency */,
			);
			name = Health_project;
			productName = Health_project;
			productReference = 2B6978972B9E029A00D684BA /* Health_project.app */;
			productType = "com.apple.product-type.application.watchapp2-container";
		};
		2B69789C2B9E029A00D684BA /* Health_project Watch App */ = {
			isa = PBXNativeTarget;
			buildConfigurationList = 2B6978C32B9E029C00D684BA /* Build configuration list for PBXNativeTarget "Health_project Watch App" */;
			buildPhases = (
				2B6978992B9E029A00D684BA /* Sources */,
				2B69789A2B9E029A00D684BA /* Frameworks */,
				2B69789B2B9E029A00D684BA /* Resources */,
			);
			buildRules = (
			);
			dependencies = (
			);
			name = "Health_project Watch App";
			productName = "Health_project Watch App";
			productReference = 2B69789D2B9E029A00D684BA /* Health_project Watch App.app */;
			productType = "com.apple.product-type.application";
		};
		2B6978AE2B9E029C00D684BA /* Health_project Watch AppTests */ = {
			isa = PBXNativeTarget;
			buildConfigurationList = 2B6978CA2B9E029C00D684BA /* Build configuration list for PBXNativeTarget "Health_project Watch AppTests" */;
			buildPhases = (
				2B6978AB2B9E029C00D684BA /* Sources */,
				2B6978AC2B9E029C00D684BA /* Frameworks */,
				2B6978AD2B9E029C00D684BA /* Resources */,
			);
			buildRules = (
			);
			dependencies = (
				2B6978B12B9E029C00D684BA /* PBXTargetDependency */,
			);
			name = "Health_project Watch AppTests";
			productName = "Health_project Watch AppTests";
			productReference = 2B6978AF2B9E029C00D684BA /* Health_project Watch AppTests.xctest */;
			productType = "com.apple.product-type.bundle.unit-test";
		};
		2B6978B82B9E029C00D684BA /* Health_project Watch AppUITests */ = {
			isa = PBXNativeTarget;
			buildConfigurationList = 2B6978CD2B9E029C00D684BA /* Build configuration list for PBXNativeTarget "Health_project Watch AppUITests" */;
			buildPhases = (
				2B6978B52B9E029C00D684BA /* Sources */,
				2B6978B62B9E029C00D684BA /* Frameworks */,
				2B6978B72B9E029C00D684BA /* Resources */,
			);
			buildRules = (
			);
			dependencies = (
				2B6978BB2B9E029C00D684BA /* PBXTargetDependency */,
			);
			name = "Health_project Watch AppUITests";
			productName = "Health_project Watch AppUITests";
			productReference = 2B6978B92B9E029C00D684BA /* Health_project Watch AppUITests.xctest */;
			productType = "com.apple.product-type.bundle.ui-testing";
		};
/* End PBXNativeTarget section */

/* Begin PBXProject section */
		2B6978912B9E029A00D684BA /* Project object */ = {
			isa = PBXProject;
			attributes = {
				BuildIndependentTargetsInParallel = 1;
				LastSwiftUpdateCheck = 1500;
				LastUpgradeCheck = 1500;
				TargetAttributes = {
					2B6978962B9E029A00D684BA = {
						CreatedOnToolsVersion = 15.0.1;
					};
					2B69789C2B9E029A00D684BA = {
						CreatedOnToolsVersion = 15.0.1;
					};
					2B6978AE2B9E029C00D684BA = {
						CreatedOnToolsVersion = 15.0.1;
						TestTargetID = 2B69789C2B9E029A00D684BA;
					};
					2B6978B82B9E029C00D684BA = {
						CreatedOnToolsVersion = 15.0.1;
						TestTargetID = 2B69789C2B9E029A00D684BA;
					};
				};
			};
			buildConfigurationList = 2B6978942B9E029A00D684BA /* Build configuration list for PBXProject "Health_project" */;
			compatibilityVersion = "Xcode 14.0";
			developmentRegion = en;
			hasScannedForEncodings = 0;
			knownRegions = (
				en,
				Base,
			);
			mainGroup = 2B6978902B9E029A00D684BA;
			productRefGroup = 2B6978982B9E029A00D684BA /* Products */;
			projectDirPath = "";
			projectRoot = "";
			targets = (
				2B6978962B9E029A00D684BA /* Health_project */,
				2B69789C2B9E029A00D684BA /* Health_project Watch App */,
				2B6978AE2B9E029C00D684BA /* Health_project Watch AppTests */,
				2B6978B82B9E029C00D684BA /* Health_project Watch AppUITests */,
			);
		};
/* End PBXProject section */

/* Begin PBXResourcesBuildPhase section */
		2B6978952B9E029A00D684BA /* Resources */ = {
			isa = PBXResourcesBuildPhase;
			buildActionMask = 2147483647;
			files = (
			);
			runOnlyForDeploymentPostprocessing = 0;
		};
		2B69789B2B9E029A00D684BA /* Resources */ = {
			isa = PBXResourcesBuildPhase;
			buildActionMask = 2147483647;
			files = (
				2B6978AA2B9E029B00D684BA /* Preview Assets.xcassets in Resources */,
				2B6978A72B9E029B00D684BA /* Assets.xcassets in Resources */,
			);
			runOnlyForDeploymentPostprocessing = 0;
		};
		2B6978AD2B9E029C00D684BA /* Resources */ = {
			isa = PBXResourcesBuildPhase;
			buildActionMask = 2147483647;
			files = (
			);
			runOnlyForDeploymentPostprocessing = 0;
		};
		2B6978B72B9E029C00D684BA /* Resources */ = {
			isa = PBXResourcesBuildPhase;
			buildActionMask = 2147483647;
			files = (
			);
			runOnlyForDeploymentPostprocessing = 0;
		};
/* End PBXResourcesBuildPhase section */

/* Begin PBXSourcesBuildPhase section */
		2B6978992B9E029A00D684BA /* Sources */ = {
			isa = PBXSourcesBuildPhase;
			buildActionMask = 2147483647;
			files = (
				2B6978DB2B9E0A0300D684BA /* ControlsView.swift in Sources */,
				2B6978A52B9E029A00D684BA /* ContentView.swift in Sources */,
				2B6978E32B9E114200D684BA /* PagerManager.swift in Sources */,
				2B6978D62B9E077C00D684BA /* StartView.swift in Sources */,
				2B6978E12B9E0B7000D684BA /* test.swift in Sources */,
				2B6978D42B9E073100D684BA /* WorkoutManager.swift in Sources */,
				2B6978D12B9E03FA00D684BA /* Health.swift in Sources */,
				2B6978A32B9E029A00D684BA /* Health_projectApp.swift in Sources */,
				2B6978DD2B9E0A0800D684BA /* MetricsView.swift in Sources */,
				2B6978DF2B9E0A2300D684BA /* ElapsedTimeView.swift in Sources */,
				2B6978E52B9E132900D684BA /* BluetoothManager.swift in Sources */,
				2B6978D92B9E099E00D684BA /* SessionPagingView.swift in Sources */,
			);
			runOnlyForDeploymentPostprocessing = 0;
		};
		2B6978AB2B9E029C00D684BA /* Sources */ = {
			isa = PBXSourcesBuildPhase;
			buildActionMask = 2147483647;
			files = (
				2B6978B42B9E029C00D684BA /* Health_project_Watch_AppTests.swift in Sources */,
			);
			runOnlyForDeploymentPostprocessing = 0;
		};
		2B6978B52B9E029C00D684BA /* Sources */ = {
			isa = PBXSourcesBuildPhase;
			buildActionMask = 2147483647;
			files = (
				2B6978C02B9E029C00D684BA /* Health_project_Watch_AppUITestsLaunchTests.swift in Sources */,
				2B6978BE2B9E029C00D684BA /* Health_project_Watch_AppUITests.swift in Sources */,
			);
			runOnlyForDeploymentPostprocessing = 0;
		};
/* End PBXSourcesBuildPhase section */

/* Begin PBXTargetDependency section */
		2B6978A02B9E029A00D684BA /* PBXTargetDependency */ = {
			isa = PBXTargetDependency;
			target = 2B69789C2B9E029A00D684BA /* Health_project Watch App */;
			targetProxy = 2B69789F2B9E029A00D684BA /* PBXContainerItemProxy */;
		};
		2B6978B12B9E029C00D684BA /* PBXTargetDependency */ = {
			isa = PBXTargetDependency;
			target = 2B69789C2B9E029A00D684BA /* Health_project Watch App */;
			targetProxy = 2B6978B02B9E029C00D684BA /* PBXContainerItemProxy */;
		};
		2B6978BB2B9E029C00D684BA /* PBXTargetDependency */ = {
			isa = PBXTargetDependency;
			target = 2B69789C2B9E029A00D684BA /* Health_project Watch App */;
			targetProxy = 2B6978BA2B9E029C00D684BA /* PBXContainerItemProxy */;
		};
/* End PBXTargetDependency section */

/* Begin XCBuildConfiguration section */
		2B6978C12B9E029C00D684BA /* Debug */ = {
			isa = XCBuildConfiguration;
			buildSettings = {
				ALWAYS_SEARCH_USER_PATHS = NO;
				ASSETCATALOG_COMPILER_GENERATE_SWIFT_ASSET_SYMBOL_EXTENSIONS = YES;
				CLANG_ANALYZER_NONNULL = YES;
				CLANG_ANALYZER_NUMBER_OBJECT_CONVERSION = YES_AGGRESSIVE;
				CLANG_CXX_LANGUAGE_STANDARD = "gnu++20";
				CLANG_ENABLE_MODULES = YES;
				CLANG_ENABLE_OBJC_ARC = YES;
				CLANG_ENABLE_OBJC_WEAK = YES;
				CLANG_WARN_BLOCK_CAPTURE_AUTORELEASING = YES;
				CLANG_WARN_BOOL_CONVERSION = YES;
				CLANG_WARN_COMMA = YES;
				CLANG_WARN_CONSTANT_CONVERSION = YES;
				CLANG_WARN_DEPRECATED_OBJC_IMPLEMENTATIONS = YES;
				CLANG_WARN_DIRECT_OBJC_ISA_USAGE = YES_ERROR;
				CLANG_WARN_DOCUMENTATION_COMMENTS = YES;
				CLANG_WARN_EMPTY_BODY = YES;
				CLANG_WARN_ENUM_CONVERSION = YES;
				CLANG_WARN_INFINITE_RECURSION = YES;
				CLANG_WARN_INT_CONVERSION = YES;
				CLANG_WARN_NON_LITERAL_NULL_CONVERSION = YES;
				CLANG_WARN_OBJC_IMPLICIT_RETAIN_SELF = YES;
				CLANG_WARN_OBJC_LITERAL_CONVERSION = YES;
				CLANG_WARN_OBJC_ROOT_CLASS = YES_ERROR;
				CLANG_WARN_QUOTED_INCLUDE_IN_FRAMEWORK_HEADER = YES;
				CLANG_WARN_RANGE_LOOP_ANALYSIS = YES;
				CLANG_WARN_STRICT_PROTOTYPES = YES;
				CLANG_WARN_SUSPICIOUS_MOVE = YES;
				CLANG_WARN_UNGUARDED_AVAILABILITY = YES_AGGRESSIVE;
				CLANG_WARN_UNREACHABLE_CODE = YES;
				CLANG_WARN__DUPLICATE_METHOD_MATCH = YES;
				COPY_PHASE_STRIP = NO;
				DEBUG_INFORMATION_FORMAT = dwarf;
				ENABLE_STRICT_OBJC_MSGSEND = YES;
				ENABLE_TESTABILITY = YES;
				ENABLE_USER_SCRIPT_SANDBOXING = YES;
				GCC_C_LANGUAGE_STANDARD = gnu17;
				GCC_DYNAMIC_NO_PIC = NO;
				GCC_NO_COMMON_BLOCKS = YES;
				GCC_OPTIMIZATION_LEVEL = 0;
				GCC_PREPROCESSOR_DEFINITIONS = (
					"DEBUG=1",
					"$(inherited)",
				);
				GCC_WARN_64_TO_32_BIT_CONVERSION = YES;
				GCC_WARN_ABOUT_RETURN_TYPE = YES_ERROR;
				GCC_WARN_UNDECLARED_SELECTOR = YES;
				GCC_WARN_UNINITIALIZED_AUTOS = YES_AGGRESSIVE;
				GCC_WARN_UNUSED_FUNCTION = YES;
				GCC_WARN_UNUSED_VARIABLE = YES;
				LOCALIZATION_PREFERS_STRING_CATALOGS = YES;
				MTL_ENABLE_DEBUG_INFO = INCLUDE_SOURCE;
				MTL_FAST_MATH = YES;
				ONLY_ACTIVE_ARCH = YES;
				SWIFT_ACTIVE_COMPILATION_CONDITIONS = "DEBUG $(inherited)";
				SWIFT_OPTIMIZATION_LEVEL = "-Onone";
				TARGETED_DEVICE_FAMILY = "";
			};
			name = Debug;
		};
		2B6978C22B9E029C00D684BA /* Release */ = {
			isa = XCBuildConfiguration;
			buildSettings = {
				ALWAYS_SEARCH_USER_PATHS = NO;
				ASSETCATALOG_COMPILER_GENERATE_SWIFT_ASSET_SYMBOL_EXTENSIONS = YES;
				CLANG_ANALYZER_NONNULL = YES;
				CLANG_ANALYZER_NUMBER_OBJECT_CONVERSION = YES_AGGRESSIVE;
				CLANG_CXX_LANGUAGE_STANDARD = "gnu++20";
				CLANG_ENABLE_MODULES = YES;
				CLANG_ENABLE_OBJC_ARC = YES;
				CLANG_ENABLE_OBJC_WEAK = YES;
				CLANG_WARN_BLOCK_CAPTURE_AUTORELEASING = YES;
				CLANG_WARN_BOOL_CONVERSION = YES;
				CLANG_WARN_COMMA = YES;
				CLANG_WARN_CONSTANT_CONVERSION = YES;
				CLANG_WARN_DEPRECATED_OBJC_IMPLEMENTATIONS = YES;
				CLANG_WARN_DIRECT_OBJC_ISA_USAGE = YES_ERROR;
				CLANG_WARN_DOCUMENTATION_COMMENTS = YES;
				CLANG_WARN_EMPTY_BODY = YES;
				CLANG_WARN_ENUM_CONVERSION = YES;
				CLANG_WARN_INFINITE_RECURSION = YES;
				CLANG_WARN_INT_CONVERSION = YES;
				CLANG_WARN_NON_LITERAL_NULL_CONVERSION = YES;
				CLANG_WARN_OBJC_IMPLICIT_RETAIN_SELF = YES;
				CLANG_WARN_OBJC_LITERAL_CONVERSION = YES;
				CLANG_WARN_OBJC_ROOT_CLASS = YES_ERROR;
				CLANG_WARN_QUOTED_INCLUDE_IN_FRAMEWORK_HEADER = YES;
				CLANG_WARN_RANGE_LOOP_ANALYSIS = YES;
				CLANG_WARN_STRICT_PROTOTYPES = YES;
				CLANG_WARN_SUSPICIOUS_MOVE = YES;
				CLANG_WARN_UNGUARDED_AVAILABILITY = YES_AGGRESSIVE;
				CLANG_WARN_UNREACHABLE_CODE = YES;
				CLANG_WARN__DUPLICATE_METHOD_MATCH = YES;
				COPY_PHASE_STRIP = NO;
				DEBUG_INFORMATION_FORMAT = "dwarf-with-dsym";
				ENABLE_NS_ASSERTIONS = NO;
				ENABLE_STRICT_OBJC_MSGSEND = YES;
				ENABLE_USER_SCRIPT_SANDBOXING = YES;
				GCC_C_LANGUAGE_STANDARD = gnu17;
				GCC_NO_COMMON_BLOCKS = YES;
				GCC_WARN_64_TO_32_BIT_CONVERSION = YES;
				GCC_WARN_ABOUT_RETURN_TYPE = YES_ERROR;
				GCC_WARN_UNDECLARED_SELECTOR = YES;
				GCC_WARN_UNINITIALIZED_AUTOS = YES_AGGRESSIVE;
				GCC_WARN_UNUSED_FUNCTION = YES;
				GCC_WARN_UNUSED_VARIABLE = YES;
				LOCALIZATION_PREFERS_STRING_CATALOGS = YES;
				MTL_ENABLE_DEBUG_INFO = NO;
				MTL_FAST_MATH = YES;
				SWIFT_COMPILATION_MODE = wholemodule;
				TARGETED_DEVICE_FAMILY = "";
			};
			name = Release;
		};
		2B6978C42B9E029C00D684BA /* Debug */ = {
			isa = XCBuildConfiguration;
			buildSettings = {
				ASSETCATALOG_COMPILER_APPICON_NAME = AppIcon;
				ASSETCATALOG_COMPILER_GLOBAL_ACCENT_COLOR_NAME = AccentColor;
				CODE_SIGN_STYLE = Automatic;
				CURRENT_PROJECT_VERSION = 1;
				DEVELOPMENT_ASSET_PATHS = "\"Health_project Watch App/Preview Content\"";
				DEVELOPMENT_TEAM = 8HM2XMG9QM;
				ENABLE_PREVIEWS = YES;
				GENERATE_INFOPLIST_FILE = YES;
				INFOPLIST_FILE = "Health-project-Watch-App-Info.plist";
				INFOPLIST_KEY_CFBundleDisplayName = Health_project;
				INFOPLIST_KEY_UISupportedInterfaceOrientations = "UIInterfaceOrientationPortrait UIInterfaceOrientationPortraitUpsideDown";
				INFOPLIST_KEY_WKWatchOnly = YES;
				LD_RUNPATH_SEARCH_PATHS = (
					"$(inherited)",
					"@executable_path/Frameworks",
				);
				MARKETING_VERSION = 1.0;
				PRODUCT_BUNDLE_IDENTIFIER = "Notification.Health-project.watchkitapp";
				PRODUCT_NAME = "$(TARGET_NAME)";
				SDKROOT = watchos;
				SKIP_INSTALL = YES;
				SWIFT_EMIT_LOC_STRINGS = YES;
				SWIFT_VERSION = 5.0;
				TARGETED_DEVICE_FAMILY = 4;
				WATCHOS_DEPLOYMENT_TARGET = 10.0;
			};
			name = Debug;
		};
		2B6978C52B9E029C00D684BA /* Release */ = {
			isa = XCBuildConfiguration;
			buildSettings = {
				ASSETCATALOG_COMPILER_APPICON_NAME = AppIcon;
				ASSETCATALOG_COMPILER_GLOBAL_ACCENT_COLOR_NAME = AccentColor;
				CODE_SIGN_STYLE = Automatic;
				CURRENT_PROJECT_VERSION = 1;
				DEVELOPMENT_ASSET_PATHS = "\"Health_project Watch App/Preview Content\"";
				DEVELOPMENT_TEAM = 8HM2XMG9QM;
				ENABLE_PREVIEWS = YES;
				GENERATE_INFOPLIST_FILE = YES;
				INFOPLIST_FILE = "Health-project-Watch-App-Info.plist";
				INFOPLIST_KEY_CFBundleDisplayName = Health_project;
				INFOPLIST_KEY_UISupportedInterfaceOrientations = "UIInterfaceOrientationPortrait UIInterfaceOrientationPortraitUpsideDown";
				INFOPLIST_KEY_WKWatchOnly = YES;
				LD_RUNPATH_SEARCH_PATHS = (
					"$(inherited)",
					"@executable_path/Frameworks",
				);
				MARKETING_VERSION = 1.0;
				PRODUCT_BUNDLE_IDENTIFIER = "Notification.Health-project.watchkitapp";
				PRODUCT_NAME = "$(TARGET_NAME)";
				SDKROOT = watchos;
				SKIP_INSTALL = YES;
				SWIFT_EMIT_LOC_STRINGS = YES;
				SWIFT_VERSION = 5.0;
				TARGETED_DEVICE_FAMILY = 4;
				VALIDATE_PRODUCT = YES;
				WATCHOS_DEPLOYMENT_TARGET = 10.0;
			};
			name = Release;
		};
		2B6978C82B9E029C00D684BA /* Debug */ = {
			isa = XCBuildConfiguration;
			buildSettings = {
				ALWAYS_EMBED_SWIFT_STANDARD_LIBRARIES = YES;
				CODE_SIGN_STYLE = Automatic;
				CURRENT_PROJECT_VERSION = 1;
				DEVELOPMENT_TEAM = 8HM2XMG9QM;
				INFOPLIST_KEY_CFBundleDisplayName = Health_project;
				IPHONEOS_DEPLOYMENT_TARGET = 12.0;
				MARKETING_VERSION = 1.0;
				PRODUCT_BUNDLE_IDENTIFIER = "Notification.Health-project";
				PRODUCT_NAME = "$(TARGET_NAME)";
				SDKROOT = iphoneos;
				SUPPORTED_PLATFORMS = "iphoneos iphonesimulator";
				SUPPORTS_MACCATALYST = NO;
				SUPPORTS_MAC_DESIGNED_FOR_IPHONE_IPAD = NO;
				SUPPORTS_XR_DESIGNED_FOR_IPHONE_IPAD = NO;
				SWIFT_VERSION = 5.0;
				TARGETED_DEVICE_FAMILY = "1,6";
			};
			name = Debug;
		};
		2B6978C92B9E029C00D684BA /* Release */ = {
			isa = XCBuildConfiguration;
			buildSettings = {
				ALWAYS_EMBED_SWIFT_STANDARD_LIBRARIES = YES;
				CODE_SIGN_STYLE = Automatic;
				CURRENT_PROJECT_VERSION = 1;
				DEVELOPMENT_TEAM = 8HM2XMG9QM;
				INFOPLIST_KEY_CFBundleDisplayName = Health_project;
				IPHONEOS_DEPLOYMENT_TARGET = 12.0;
				MARKETING_VERSION = 1.0;
				PRODUCT_BUNDLE_IDENTIFIER = "Notification.Health-project";
				PRODUCT_NAME = "$(TARGET_NAME)";
				SDKROOT = iphoneos;
				SUPPORTED_PLATFORMS = "iphoneos iphonesimulator";
				SUPPORTS_MACCATALYST = NO;
				SUPPORTS_MAC_DESIGNED_FOR_IPHONE_IPAD = NO;
				SUPPORTS_XR_DESIGNED_FOR_IPHONE_IPAD = NO;
				SWIFT_VERSION = 5.0;
				TARGETED_DEVICE_FAMILY = "1,6";
				VALIDATE_PRODUCT = YES;
			};
			name = Release;
		};
		2B6978CB2B9E029C00D684BA /* Debug */ = {
			isa = XCBuildConfiguration;
			buildSettings = {
				ALWAYS_EMBED_SWIFT_STANDARD_LIBRARIES = YES;
				BUNDLE_LOADER = "$(TEST_HOST)";
				CODE_SIGN_STYLE = Automatic;
				CURRENT_PROJECT_VERSION = 1;
				DEVELOPMENT_TEAM = 8HM2XMG9QM;
				GENERATE_INFOPLIST_FILE = YES;
				MARKETING_VERSION = 1.0;
				PRODUCT_BUNDLE_IDENTIFIER = "Notification.Health-project-Watch-AppTests";
				PRODUCT_NAME = "$(TARGET_NAME)";
				SDKROOT = watchos;
				SUPPORTED_PLATFORMS = "iphoneos iphonesimulator watchos watchsimulator";
				SUPPORTS_MACCATALYST = NO;
				SWIFT_EMIT_LOC_STRINGS = NO;
				SWIFT_VERSION = 5.0;
				TARGETED_DEVICE_FAMILY = "1,4";
				TEST_HOST = "$(BUILT_PRODUCTS_DIR)/Health_project Watch App.app/$(BUNDLE_EXECUTABLE_FOLDER_PATH)/Health_project Watch App";
				WATCHOS_DEPLOYMENT_TARGET = 10.0;
			};
			name = Debug;
		};
		2B6978CC2B9E029C00D684BA /* Release */ = {
			isa = XCBuildConfiguration;
			buildSettings = {
				ALWAYS_EMBED_SWIFT_STANDARD_LIBRARIES = YES;
				BUNDLE_LOADER = "$(TEST_HOST)";
				CODE_SIGN_STYLE = Automatic;
				CURRENT_PROJECT_VERSION = 1;
				DEVELOPMENT_TEAM = 8HM2XMG9QM;
				GENERATE_INFOPLIST_FILE = YES;
				MARKETING_VERSION = 1.0;
				PRODUCT_BUNDLE_IDENTIFIER = "Notification.Health-project-Watch-AppTests";
				PRODUCT_NAME = "$(TARGET_NAME)";
				SDKROOT = watchos;
				SUPPORTED_PLATFORMS = "iphoneos iphonesimulator watchos watchsimulator";
				SUPPORTS_MACCATALYST = NO;
				SWIFT_EMIT_LOC_STRINGS = NO;
				SWIFT_VERSION = 5.0;
				TARGETED_DEVICE_FAMILY = "1,4";
				TEST_HOST = "$(BUILT_PRODUCTS_DIR)/Health_project Watch App.app/$(BUNDLE_EXECUTABLE_FOLDER_PATH)/Health_project Watch App";
				VALIDATE_PRODUCT = YES;
				WATCHOS_DEPLOYMENT_TARGET = 10.0;
			};
			name = Release;
		};
		2B6978CE2B9E029C00D684BA /* Debug */ = {
			isa = XCBuildConfiguration;
			buildSettings = {
				ALWAYS_EMBED_SWIFT_STANDARD_LIBRARIES = YES;
				CODE_SIGN_STYLE = Automatic;
				CURRENT_PROJECT_VERSION = 1;
				DEVELOPMENT_TEAM = 8HM2XMG9QM;
				GENERATE_INFOPLIST_FILE = YES;
				MARKETING_VERSION = 1.0;
				PRODUCT_BUNDLE_IDENTIFIER = "Notification.Health-project-Watch-AppUITests";
				PRODUCT_NAME = "$(TARGET_NAME)";
				SDKROOT = watchos;
				SUPPORTED_PLATFORMS = "iphoneos iphonesimulator watchos watchsimulator";
				SUPPORTS_MACCATALYST = NO;
				SWIFT_EMIT_LOC_STRINGS = NO;
				SWIFT_VERSION = 5.0;
				TARGETED_DEVICE_FAMILY = "1,4";
				TEST_TARGET_NAME = "Health_project Watch App";
				WATCHOS_DEPLOYMENT_TARGET = 10.0;
			};
			name = Debug;
		};
		2B6978CF2B9E029C00D684BA /* Release */ = {
			isa = XCBuildConfiguration;
			buildSettings = {
				ALWAYS_EMBED_SWIFT_STANDARD_LIBRARIES = YES;
				CODE_SIGN_STYLE = Automatic;
				CURRENT_PROJECT_VERSION = 1;
				DEVELOPMENT_TEAM = 8HM2XMG9QM;
				GENERATE_INFOPLIST_FILE = YES;
				MARKETING_VERSION = 1.0;
				PRODUCT_BUNDLE_IDENTIFIER = "Notification.Health-project-Watch-AppUITests";
				PRODUCT_NAME = "$(TARGET_NAME)";
				SDKROOT = watchos;
				SUPPORTED_PLATFORMS = "iphoneos iphonesimulator watchos watchsimulator";
				SUPPORTS_MACCATALYST = NO;
				SWIFT_EMIT_LOC_STRINGS = NO;
				SWIFT_VERSION = 5.0;
				TARGETED_DEVICE_FAMILY = "1,4";
				TEST_TARGET_NAME = "Health_project Watch App";
				VALIDATE_PRODUCT = YES;
				WATCHOS_DEPLOYMENT_TARGET = 10.0;
			};
			name = Release;
		};
/* End XCBuildConfiguration section */

/* Begin XCConfigurationList section */
		2B6978942B9E029A00D684BA /* Build configuration list for PBXProject "Health_project" */ = {
			isa = XCConfigurationList;
			buildConfigurations = (
				2B6978C12B9E029C00D684BA /* Debug */,
				2B6978C22B9E029C00D684BA /* Release */,
			);
			defaultConfigurationIsVisible = 0;
			defaultConfigurationName = Release;
		};
		2B6978C32B9E029C00D684BA /* Build configuration list for PBXNativeTarget "Health_project Watch App" */ = {
			isa = XCConfigurationList;
			buildConfigurations = (
				2B6978C42B9E029C00D684BA /* Debug */,
				2B6978C52B9E029C00D684BA /* Release */,
			);
			defaultConfigurationIsVisible = 0;
			defaultConfigurationName = Release;
		};
		2B6978C72B9E029C00D684BA /* Build configuration list for PBXNativeTarget "Health_project" */ = {
			isa = XCConfigurationList;
			buildConfigurations = (
				2B6978C82B9E029C00D684BA /* Debug */,
				2B6978C92B9E029C00D684BA /* Release */,
			);
			defaultConfigurationIsVisible = 0;
			defaultConfigurationName = Release;
		};
		2B6978CA2B9E029C00D684BA /* Build configuration list for PBXNativeTarget "Health_project Watch AppTests" */ = {
			isa = XCConfigurationList;
			buildConfigurations = (
				2B6978CB2B9E029C00D684BA /* Debug */,
				2B6978CC2B9E029C00D684BA /* Release */,
			);
			defaultConfigurationIsVisible = 0;
			defaultConfigurationName = Release;
		};
		2B6978CD2B9E029C00D684BA /* Build configuration list for PBXNativeTarget "Health_project Watch AppUITests" */ = {
			isa = XCConfigurationList;
			buildConfigurations = (
				2B6978CE2B9E029C00D684BA /* Debug */,
				2B6978CF2B9E029C00D684BA /* Release */,
			);
			defaultConfigurationIsVisible = 0;
			defaultConfigurationName = Release;
		};
/* End XCConfigurationList section */
	};
	rootObject = 2B6978912B9E029A00D684BA /* Project object */;
}
