{
  "pins" : [
    {
      "identity" : "jwtdecode.swift",
      "kind" : "remoteSourceControl",
      "location" : "https://github.com/auth0/JWTDecode.swift",
      "state" : {
        "revision" : "58af7278797871e460d79496621b3e5366b865b2",
        "version" : "3.1.0"
      }
    },
    {
      "identity" : "swiftaudioplayer",
      "kind" : "remoteSourceControl",
      "location" : "https://github.com/tanhakabir/SwiftAudioPlayer.git",
      "state" : {
        "revision" : "2fdfc62ce9f5d8b818ee1b2a9ac061fce4f64af9",
        "version" : "7.6.0"
      }
    }
  ],
  "version" : 2
}
